
Microsoft Visual Studio Solution File, Format Version 12.00
# Visual Studio Version 17
VisualStudioVersion = 17.7.34031.279
MinimumVisualStudioVersion = 10.0.40219.1
Project("{FAE04EC0-301F-11D3-BF4B-00C04F79EFBC}") = "lab4", "lab4.csproj", "{3C10E9A2-C36D-4072-94EF-45B557FEB667}"
EndProject
Global
	GlobalSection(SolutionConfigurationPlatforms) = preSolution
		Debug|Any CPU = Debug|Any CPU
		Release|Any CPU = Release|Any CPU
	EndGlobalSection
	GlobalSection(ProjectConfigurationPlatforms) = postSolution
		{3C10E9A2-C36D-4072-94EF-45B557FEB667}.Debug|Any CPU.ActiveCfg = Debug|Any CPU
		{3C10E9A2-C36D-4072-94EF-45B557FEB667}.Debug|Any CPU.Build.0 = Debug|Any CPU
		{3C10E9A2-C36D-4072-94EF-45B557FEB667}.Release|Any CPU.ActiveCfg = Release|Any CPU
		{3C10E9A2-C36D-4072-94EF-45B557FEB667}.Release|Any CPU.Build.0 = Release|Any CPU
	EndGlobalSection
	GlobalSection(SolutionProperties) = preSolution
		HideSolutionNode = FALSE
	EndGlobalSection
	GlobalSection(ExtensibilityGlobals) = postSolution
		SolutionGuid = {8C2B3087-9C78-4066-8FF0-1D8D3BFFC747}
	EndGlobalSection
EndGlobal
