
Microsoft Visual Studio Solution File, Format Version 12.00
# Visual Studio Version 17
VisualStudioVersion = 17.7.34031.279
MinimumVisualStudioVersion = 10.0.40219.1
Project("{FAE04EC0-301F-11D3-BF4B-00C04F79EFBC}") = "Lab5", "Lab5.csproj", "{709CE5AC-C29E-43D4-8885-FB6B3D567B55}"
EndProject
Global
	GlobalSection(SolutionConfigurationPlatforms) = preSolution
		Debug|Any CPU = Debug|Any CPU
		Release|Any CPU = Release|Any CPU
	EndGlobalSection
	GlobalSection(ProjectConfigurationPlatforms) = postSolution
		{709CE5AC-C29E-43D4-8885-FB6B3D567B55}.Debug|Any CPU.ActiveCfg = Debug|Any CPU
		{709CE5AC-C29E-43D4-8885-FB6B3D567B55}.Debug|Any CPU.Build.0 = Debug|Any CPU
		{709CE5AC-C29E-43D4-8885-FB6B3D567B55}.Release|Any CPU.ActiveCfg = Release|Any CPU
		{709CE5AC-C29E-43D4-8885-FB6B3D567B55}.Release|Any CPU.Build.0 = Release|Any CPU
	EndGlobalSection
	GlobalSection(SolutionProperties) = preSolution
		HideSolutionNode = FALSE
	EndGlobalSection
	GlobalSection(ExtensibilityGlobals) = postSolution
		SolutionGuid = {CDAA666B-03BE-430E-812D-0B35BC64F975}
	EndGlobalSection
EndGlobal
